
Microsoft Visual Studio Solution File, Format Version 12.00
# Visual Studio Version 17
VisualStudioVersion = 17.11.35222.181
MinimumVisualStudioVersion = 10.0.40219.1
Project("{FAE04EC0-301F-11D3-BF4B-00C04F79EFBC}") = "cwiczenia1", "cwiczenia1\cwiczenia1.csproj", "{511215EC-BEAD-41F9-B175-5EDFD88169D9}"
EndProject
Global
	GlobalSection(SolutionConfigurationPlatforms) = preSolution
		Debug|Any CPU = Debug|Any CPU
		Release|Any CPU = Release|Any CPU
	EndGlobalSection
	GlobalSection(ProjectConfigurationPlatforms) = postSolution
		{511215EC-BEAD-41F9-B175-5EDFD88169D9}.Debug|Any CPU.ActiveCfg = Debug|Any CPU
		{511215EC-BEAD-41F9-B175-5EDFD88169D9}.Debug|Any CPU.Build.0 = Debug|Any CPU
		{511215EC-BEAD-41F9-B175-5EDFD88169D9}.Release|Any CPU.ActiveCfg = Release|Any CPU
		{511215EC-BEAD-41F9-B175-5EDFD88169D9}.Release|Any CPU.Build.0 = Release|Any CPU
	EndGlobalSection
	GlobalSection(SolutionProperties) = preSolution
		HideSolutionNode = FALSE
	EndGlobalSection
	GlobalSection(ExtensibilityGlobals) = postSolution
		SolutionGuid = {0F9D1C08-6C73-46D2-B7E5-B9CF605E03F3}
	EndGlobalSection
EndGlobal
